
Microsoft Visual Studio Solution File, Format Version 12.00
# Visual Studio Version 16
VisualStudioVersion = 16.0.28721.148
MinimumVisualStudioVersion = 10.0.40219.1
Project("{FAE04EC0-301F-11D3-BF4B-00C04F79EFBC}") = "Orleans.Person.Interface", "Orleans.Person.Interface\Orleans.Person.Interface.csproj", "{91CFB0A3-3650-46E0-982B-77C248D69E5C}"
EndProject
Global
	GlobalSection(SolutionConfigurationPlatforms) = preSolution
		Debug|Any CPU = Debug|Any CPU
		Release|Any CPU = Release|Any CPU
	EndGlobalSection
	GlobalSection(ProjectConfigurationPlatforms) = postSolution
		{91CFB0A3-3650-46E0-982B-77C248D69E5C}.Debug|Any CPU.ActiveCfg = Debug|Any CPU
		{91CFB0A3-3650-46E0-982B-77C248D69E5C}.Debug|Any CPU.Build.0 = Debug|Any CPU
		{91CFB0A3-3650-46E0-982B-77C248D69E5C}.Release|Any CPU.ActiveCfg = Release|Any CPU
		{91CFB0A3-3650-46E0-982B-77C248D69E5C}.Release|Any CPU.Build.0 = Release|Any CPU
	EndGlobalSection
	GlobalSection(SolutionProperties) = preSolution
		HideSolutionNode = FALSE
	EndGlobalSection
	GlobalSection(ExtensibilityGlobals) = postSolution
		SolutionGuid = {BE2D5B24-8509-42D3-9573-9574E5890C25}
	EndGlobalSection
EndGlobal
